// !$*UTF8*$!
{
	archiveVersion = 1;
	classes = {
	};
	objectVersion = 56;
	objects = {

/* Begin PBXBuildFile section */
		2DFD05D22B493FCF00704ABB /* AppDelegate.swift in Sources */ = {isa = PBXBuildFile; fileRef = 2DFD05D12B493FCF00704ABB /* AppDelegate.swift */; };
		2DFD05D42B493FCF00704ABB /* SceneDelegate.swift in Sources */ = {isa = PBXBuildFile; fileRef = 2DFD05D32B493FCF00704ABB /* SceneDelegate.swift */; };
		2DFD05D62B493FCF00704ABB /* GameViewController.swift in Sources */ = {isa = PBXBuildFile; fileRef = 2DFD05D52B493FCF00704ABB /* GameViewController.swift */; };
		2DFD05DC2B493FCF00704ABB /* SuggestTheNumber.xcdatamodeld in Sources */ = {isa = PBXBuildFile; fileRef = 2DFD05DA2B493FCF00704ABB /* SuggestTheNumber.xcdatamodeld */; };
		2DFD05DE2B493FD000704ABB /* Assets.xcassets in Resources */ = {isa = PBXBuildFile; fileRef = 2DFD05DD2B493FD000704ABB /* Assets.xcassets */; };
		2DFD05E12B493FD000704ABB /* LaunchScreen.storyboard in Resources */ = {isa = PBXBuildFile; fileRef = 2DFD05DF2B493FD000704ABB /* LaunchScreen.storyboard */; };
		2DFD05EA2B4AACD000704ABB /* Extention + UIView.swift in Sources */ = {isa = PBXBuildFile; fileRef = 2DFD05E92B4AACD000704ABB /* Extention + UIView.swift */; };
		2DFD05EC2B4ACC5B00704ABB /* UserDefaultManager.swift in Sources */ = {isa = PBXBuildFile; fileRef = 2DFD05EB2B4ACC5B00704ABB /* UserDefaultManager.swift */; };
		2DFD05EE2B4AD6B800704ABB /* StartGameViewController.swift in Sources */ = {isa = PBXBuildFile; fileRef = 2DFD05ED2B4AD6B800704ABB /* StartGameViewController.swift */; };
/* End PBXBuildFile section */

/* Begin PBXFileReference section */
		2DFD05CE2B493FCF00704ABB /* SuggestTheNumber.app */ = {isa = PBXFileReference; explicitFileType = wrapper.application; includeInIndex = 0; path = SuggestTheNumber.app; sourceTree = BUILT_PRODUCTS_DIR; };
		2DFD05D12B493FCF00704ABB /* AppDelegate.swift */ = {isa = PBXFileReference; lastKnownFileType = sourcecode.swift; path = AppDelegate.swift; sourceTree = "<group>"; };
		2DFD05D32B493FCF00704ABB /* SceneDelegate.swift */ = {isa = PBXFileReference; lastKnownFileType = sourcecode.swift; path = SceneDelegate.swift; sourceTree = "<group>"; };
		2DFD05D52B493FCF00704ABB /* GameViewController.swift */ = {isa = PBXFileReference; lastKnownFileType = sourcecode.swift; path = GameViewController.swift; sourceTree = "<group>"; };
		2DFD05DB2B493FCF00704ABB /* SuggestTheNumber.xcdatamodel */ = {isa = PBXFileReference; lastKnownFileType = wrapper.xcdatamodel; path = SuggestTheNumber.xcdatamodel; sourceTree = "<group>"; };
		2DFD05DD2B493FD000704ABB /* Assets.xcassets */ = {isa = PBXFileReference; lastKnownFileType = folder.assetcatalog; path = Assets.xcassets; sourceTree = "<group>"; };
		2DFD05E02B493FD000704ABB /* Base */ = {isa = PBXFileReference; lastKnownFileType = file.storyboard; name = Base; path = Base.lproj/LaunchScreen.storyboard; sourceTree = "<group>"; };
		2DFD05E22B493FD000704ABB /* Info.plist */ = {isa = PBXFileReference; lastKnownFileType = text.plist.xml; path = Info.plist; sourceTree = "<group>"; };
		2DFD05E92B4AACD000704ABB /* Extention + UIView.swift */ = {isa = PBXFileReference; lastKnownFileType = sourcecode.swift; path = "Extention + UIView.swift"; sourceTree = "<group>"; };
		2DFD05EB2B4ACC5B00704ABB /* UserDefaultManager.swift */ = {isa = PBXFileReference; lastKnownFileType = sourcecode.swift; path = UserDefaultManager.swift; sourceTree = "<group>"; };
		2DFD05ED2B4AD6B800704ABB /* StartGameViewController.swift */ = {isa = PBXFileReference; lastKnownFileType = sourcecode.swift; path = StartGameViewController.swift; sourceTree = "<group>"; };
/* End PBXFileReference section */

/* Begin PBXFrameworksBuildPhase section */
		2DFD05CB2B493FCF00704ABB /* Frameworks */ = {
			isa = PBXFrameworksBuildPhase;
			buildActionMask = 2147483647;
			files = (
			);
			runOnlyForDeploymentPostprocessing = 0;
		};
/* End PBXFrameworksBuildPhase section */

/* Begin PBXGroup section */
		2DFD05C52B493FCE00704ABB = {
			isa = PBXGroup;
			children = (
				2DFD05D02B493FCF00704ABB /* SuggestTheNumber */,
				2DFD05CF2B493FCF00704ABB /* Products */,
			);
			sourceTree = "<group>";
		};
		2DFD05CF2B493FCF00704ABB /* Products */ = {
			isa = PBXGroup;
			children = (
				2DFD05CE2B493FCF00704ABB /* SuggestTheNumber.app */,
			);
			name = Products;
			sourceTree = "<group>";
		};
		2DFD05D02B493FCF00704ABB /* SuggestTheNumber */ = {
			isa = PBXGroup;
			children = (
				2DFD05EB2B4ACC5B00704ABB /* UserDefaultManager.swift */,
				2DFD05ED2B4AD6B800704ABB /* StartGameViewController.swift */,
				2DFD05D52B493FCF00704ABB /* GameViewController.swift */,
				2DFD05EF2B4ADF4600704ABB /* Extention */,
				2DFD05E82B49437D00704ABB /* Support */,
				2DFD05E22B493FD000704ABB /* Info.plist */,
				2DFD05DA2B493FCF00704ABB /* SuggestTheNumber.xcdatamodeld */,
			);
			path = SuggestTheNumber;
			sourceTree = "<group>";
		};
		2DFD05E82B49437D00704ABB /* Support */ = {
			isa = PBXGroup;
			children = (
				2DFD05D12B493FCF00704ABB /* AppDelegate.swift */,
				2DFD05D32B493FCF00704ABB /* SceneDelegate.swift */,
				2DFD05DD2B493FD000704ABB /* Assets.xcassets */,
				2DFD05DF2B493FD000704ABB /* LaunchScreen.storyboard */,
			);
			path = Support;
			sourceTree = "<group>";
		};
		2DFD05EF2B4ADF4600704ABB /* Extention */ = {
			isa = PBXGroup;
			children = (
				2DFD05E92B4AACD000704ABB /* Extention + UIView.swift */,
			);
			path = Extention;
			sourceTree = "<group>";
		};
/* End PBXGroup section */

/* Begin PBXNativeTarget section */
		2DFD05CD2B493FCF00704ABB /* SuggestTheNumber */ = {
			isa = PBXNativeTarget;
			buildConfigurationList = 2DFD05E52B493FD000704ABB /* Build configuration list for PBXNativeTarget "SuggestTheNumber" */;
			buildPhases = (
				2DFD05CA2B493FCF00704ABB /* Sources */,
				2DFD05CB2B493FCF00704ABB /* Frameworks */,
				2DFD05CC2B493FCF00704ABB /* Resources */,
			);
			buildRules = (
			);
			dependencies = (
			);
			name = SuggestTheNumber;
			productName = SuggestTheNumber;
			productReference = 2DFD05CE2B493FCF00704ABB /* SuggestTheNumber.app */;
			productType = "com.apple.product-type.application";
		};
/* End PBXNativeTarget section */

/* Begin PBXProject section */
		2DFD05C62B493FCE00704ABB /* Project object */ = {
			isa = PBXProject;
			attributes = {
				BuildIndependentTargetsInParallel = 1;
				LastSwiftUpdateCheck = 1510;
				LastUpgradeCheck = 1510;
				TargetAttributes = {
					2DFD05CD2B493FCF00704ABB = {
						CreatedOnToolsVersion = 15.1;
					};
				};
			};
			buildConfigurationList = 2DFD05C92B493FCE00704ABB /* Build configuration list for PBXProject "SuggestTheNumber" */;
			compatibilityVersion = "Xcode 14.0";
			developmentRegion = en;
			hasScannedForEncodings = 0;
			knownRegions = (
				en,
				Base,
			);
			mainGroup = 2DFD05C52B493FCE00704ABB;
			productRefGroup = 2DFD05CF2B493FCF00704ABB /* Products */;
			projectDirPath = "";
			projectRoot = "";
			targets = (
				2DFD05CD2B493FCF00704ABB /* SuggestTheNumber */,
			);
		};
/* End PBXProject section */

/* Begin PBXResourcesBuildPhase section */
		2DFD05CC2B493FCF00704ABB /* Resources */ = {
			isa = PBXResourcesBuildPhase;
			buildActionMask = 2147483647;
			files = (
				2DFD05E12B493FD000704ABB /* LaunchScreen.storyboard in Resources */,
				2DFD05DE2B493FD000704ABB /* Assets.xcassets in Resources */,
			);
			runOnlyForDeploymentPostprocessing = 0;
		};
/* End PBXResourcesBuildPhase section */

/* Begin PBXSourcesBuildPhase section */
		2DFD05CA2B493FCF00704ABB /* Sources */ = {
			isa = PBXSourcesBuildPhase;
			buildActionMask = 2147483647;
			files = (
				2DFD05EE2B4AD6B800704ABB /* StartGameViewController.swift in Sources */,
				2DFD05EC2B4ACC5B00704ABB /* UserDefaultManager.swift in Sources */,
				2DFD05D62B493FCF00704ABB /* GameViewController.swift in Sources */,
				2DFD05DC2B493FCF00704ABB /* SuggestTheNumber.xcdatamodeld in Sources */,
				2DFD05D22B493FCF00704ABB /* AppDelegate.swift in Sources */,
				2DFD05EA2B4AACD000704ABB /* Extention + UIView.swift in Sources */,
				2DFD05D42B493FCF00704ABB /* SceneDelegate.swift in Sources */,
			);
			runOnlyForDeploymentPostprocessing = 0;
		};
/* End PBXSourcesBuildPhase section */

/* Begin PBXVariantGroup section */
		2DFD05DF2B493FD000704ABB /* LaunchScreen.storyboard */ = {
			isa = PBXVariantGroup;
			children = (
				2DFD05E02B493FD000704ABB /* Base */,
			);
			name = LaunchScreen.storyboard;
			sourceTree = "<group>";
		};
/* End PBXVariantGroup section */

/* Begin XCBuildConfiguration section */
		2DFD05E32B493FD000704ABB /* Debug */ = {
			isa = XCBuildConfiguration;
			buildSettings = {
				ALWAYS_SEARCH_USER_PATHS = NO;
				ASSETCATALOG_COMPILER_GENERATE_SWIFT_ASSET_SYMBOL_EXTENSIONS = YES;
				CLANG_ANALYZER_NONNULL = YES;
				CLANG_ANALYZER_NUMBER_OBJECT_CONVERSION = YES_AGGRESSIVE;
				CLANG_CXX_LANGUAGE_STANDARD = "gnu++20";
				CLANG_ENABLE_MODULES = YES;
				CLANG_ENABLE_OBJC_ARC = YES;
				CLANG_ENABLE_OBJC_WEAK = YES;
				CLANG_WARN_BLOCK_CAPTURE_AUTORELEASING = YES;
				CLANG_WARN_BOOL_CONVERSION = YES;
				CLANG_WARN_COMMA = YES;
				CLANG_WARN_CONSTANT_CONVERSION = YES;
				CLANG_WARN_DEPRECATED_OBJC_IMPLEMENTATIONS = YES;
				CLANG_WARN_DIRECT_OBJC_ISA_USAGE = YES_ERROR;
				CLANG_WARN_DOCUMENTATION_COMMENTS = YES;
				CLANG_WARN_EMPTY_BODY = YES;
				CLANG_WARN_ENUM_CONVERSION = YES;
				CLANG_WARN_INFINITE_RECURSION = YES;
				CLANG_WARN_INT_CONVERSION = YES;
				CLANG_WARN_NON_LITERAL_NULL_CONVERSION = YES;
				CLANG_WARN_OBJC_IMPLICIT_RETAIN_SELF = YES;
				CLANG_WARN_OBJC_LITERAL_CONVERSION = YES;
				CLANG_WARN_OBJC_ROOT_CLASS = YES_ERROR;
				CLANG_WARN_QUOTED_INCLUDE_IN_FRAMEWORK_HEADER = YES;
				CLANG_WARN_RANGE_LOOP_ANALYSIS = YES;
				CLANG_WARN_STRICT_PROTOTYPES = YES;
				CLANG_WARN_SUSPICIOUS_MOVE = YES;
				CLANG_WARN_UNGUARDED_AVAILABILITY = YES_AGGRESSIVE;
				CLANG_WARN_UNREACHABLE_CODE = YES;
				CLANG_WARN__DUPLICATE_METHOD_MATCH = YES;
				COPY_PHASE_STRIP = NO;
				DEBUG_INFORMATION_FORMAT = dwarf;
				ENABLE_STRICT_OBJC_MSGSEND = YES;
				ENABLE_TESTABILITY = YES;
				ENABLE_USER_SCRIPT_SANDBOXING = YES;
				GCC_C_LANGUAGE_STANDARD = gnu17;
				GCC_DYNAMIC_NO_PIC = NO;
				GCC_NO_COMMON_BLOCKS = YES;
				GCC_OPTIMIZATION_LEVEL = 0;
				GCC_PREPROCESSOR_DEFINITIONS = (
					"DEBUG=1",
					"$(inherited)",
				);
				GCC_WARN_64_TO_32_BIT_CONVERSION = YES;
				GCC_WARN_ABOUT_RETURN_TYPE = YES_ERROR;
				GCC_WARN_UNDECLARED_SELECTOR = YES;
				GCC_WARN_UNINITIALIZED_AUTOS = YES_AGGRESSIVE;
				GCC_WARN_UNUSED_FUNCTION = YES;
				GCC_WARN_UNUSED_VARIABLE = YES;
				IPHONEOS_DEPLOYMENT_TARGET = 17.2;
				LOCALIZATION_PREFERS_STRING_CATALOGS = YES;
				MTL_ENABLE_DEBUG_INFO = INCLUDE_SOURCE;
				MTL_FAST_MATH = YES;
				ONLY_ACTIVE_ARCH = YES;
				SDKROOT = iphoneos;
				SWIFT_ACTIVE_COMPILATION_CONDITIONS = "DEBUG $(inherited)";
				SWIFT_OPTIMIZATION_LEVEL = "-Onone";
			};
			name = Debug;
		};
		2DFD05E42B493FD000704ABB /* Release */ = {
			isa = XCBuildConfiguration;
			buildSettings = {
				ALWAYS_SEARCH_USER_PATHS = NO;
				ASSETCATALOG_COMPILER_GENERATE_SWIFT_ASSET_SYMBOL_EXTENSIONS = YES;
				CLANG_ANALYZER_NONNULL = YES;
				CLANG_ANALYZER_NUMBER_OBJECT_CONVERSION = YES_AGGRESSIVE;
				CLANG_CXX_LANGUAGE_STANDARD = "gnu++20";
				CLANG_ENABLE_MODULES = YES;
				CLANG_ENABLE_OBJC_ARC = YES;
				CLANG_ENABLE_OBJC_WEAK = YES;
				CLANG_WARN_BLOCK_CAPTURE_AUTORELEASING = YES;
				CLANG_WARN_BOOL_CONVERSION = YES;
				CLANG_WARN_COMMA = YES;
				CLANG_WARN_CONSTANT_CONVERSION = YES;
				CLANG_WARN_DEPRECATED_OBJC_IMPLEMENTATIONS = YES;
				CLANG_WARN_DIRECT_OBJC_ISA_USAGE = YES_ERROR;
				CLANG_WARN_DOCUMENTATION_COMMENTS = YES;
				CLANG_WARN_EMPTY_BODY = YES;
				CLANG_WARN_ENUM_CONVERSION = YES;
				CLANG_WARN_INFINITE_RECURSION = YES;
				CLANG_WARN_INT_CONVERSION = YES;
				CLANG_WARN_NON_LITERAL_NULL_CONVERSION = YES;
				CLANG_WARN_OBJC_IMPLICIT_RETAIN_SELF = YES;
				CLANG_WARN_OBJC_LITERAL_CONVERSION = YES;
				CLANG_WARN_OBJC_ROOT_CLASS = YES_ERROR;
				CLANG_WARN_QUOTED_INCLUDE_IN_FRAMEWORK_HEADER = YES;
				CLANG_WARN_RANGE_LOOP_ANALYSIS = YES;
				CLANG_WARN_STRICT_PROTOTYPES = YES;
				CLANG_WARN_SUSPICIOUS_MOVE = YES;
				CLANG_WARN_UNGUARDED_AVAILABILITY = YES_AGGRESSIVE;
				CLANG_WARN_UNREACHABLE_CODE = YES;
				CLANG_WARN__DUPLICATE_METHOD_MATCH = YES;
				COPY_PHASE_STRIP = NO;
				DEBUG_INFORMATION_FORMAT = "dwarf-with-dsym";
				ENABLE_NS_ASSERTIONS = NO;
				ENABLE_STRICT_OBJC_MSGSEND = YES;
				ENABLE_USER_SCRIPT_SANDBOXING = YES;
				GCC_C_LANGUAGE_STANDARD = gnu17;
				GCC_NO_COMMON_BLOCKS = YES;
				GCC_WARN_64_TO_32_BIT_CONVERSION = YES;
				GCC_WARN_ABOUT_RETURN_TYPE = YES_ERROR;
				GCC_WARN_UNDECLARED_SELECTOR = YES;
				GCC_WARN_UNINITIALIZED_AUTOS = YES_AGGRESSIVE;
				GCC_WARN_UNUSED_FUNCTION = YES;
				GCC_WARN_UNUSED_VARIABLE = YES;
				IPHONEOS_DEPLOYMENT_TARGET = 17.2;
				LOCALIZATION_PREFERS_STRING_CATALOGS = YES;
				MTL_ENABLE_DEBUG_INFO = NO;
				MTL_FAST_MATH = YES;
				SDKROOT = iphoneos;
				SWIFT_COMPILATION_MODE = wholemodule;
				VALIDATE_PRODUCT = YES;
			};
			name = Release;
		};
		2DFD05E62B493FD000704ABB /* Debug */ = {
			isa = XCBuildConfiguration;
			buildSettings = {
				ASSETCATALOG_COMPILER_APPICON_NAME = AppIcon;
				ASSETCATALOG_COMPILER_GLOBAL_ACCENT_COLOR_NAME = AccentColor;
				CODE_SIGN_STYLE = Automatic;
				CURRENT_PROJECT_VERSION = 1;
				DEVELOPMENT_TEAM = C99MZRZS9Q;
				GENERATE_INFOPLIST_FILE = YES;
				INFOPLIST_FILE = SuggestTheNumber/Info.plist;
				INFOPLIST_KEY_UIApplicationSupportsIndirectInputEvents = YES;
				INFOPLIST_KEY_UILaunchStoryboardName = LaunchScreen;
				INFOPLIST_KEY_UISupportedInterfaceOrientations_iPad = "UIInterfaceOrientationPortrait UIInterfaceOrientationPortraitUpsideDown UIInterfaceOrientationLandscapeLeft UIInterfaceOrientationLandscapeRight";
				INFOPLIST_KEY_UISupportedInterfaceOrientations_iPhone = "UIInterfaceOrientationPortrait UIInterfaceOrientationLandscapeLeft UIInterfaceOrientationLandscapeRight";
				LD_RUNPATH_SEARCH_PATHS = (
					"$(inherited)",
					"@executable_path/Frameworks",
				);
				MARKETING_VERSION = 1.0;
				PRODUCT_BUNDLE_IDENTIFIER = "I-m.SuggestTheNumber";
				PRODUCT_NAME = "$(TARGET_NAME)";
				SWIFT_EMIT_LOC_STRINGS = YES;
				SWIFT_VERSION = 5.0;
				TARGETED_DEVICE_FAMILY = "1,2";
			};
			name = Debug;
		};
		2DFD05E72B493FD000704ABB /* Release */ = {
			isa = XCBuildConfiguration;
			buildSettings = {
				ASSETCATALOG_COMPILER_APPICON_NAME = AppIcon;
				ASSETCATALOG_COMPILER_GLOBAL_ACCENT_COLOR_NAME = AccentColor;
				CODE_SIGN_STYLE = Automatic;
				CURRENT_PROJECT_VERSION = 1;
				DEVELOPMENT_TEAM = C99MZRZS9Q;
				GENERATE_INFOPLIST_FILE = YES;
				INFOPLIST_FILE = SuggestTheNumber/Info.plist;
				INFOPLIST_KEY_UIApplicationSupportsIndirectInputEvents = YES;
				INFOPLIST_KEY_UILaunchStoryboardName = LaunchScreen;
				INFOPLIST_KEY_UISupportedInterfaceOrientations_iPad = "UIInterfaceOrientationPortrait UIInterfaceOrientationPortraitUpsideDown UIInterfaceOrientationLandscapeLeft UIInterfaceOrientationLandscapeRight";
				INFOPLIST_KEY_UISupportedInterfaceOrientations_iPhone = "UIInterfaceOrientationPortrait UIInterfaceOrientationLandscapeLeft UIInterfaceOrientationLandscapeRight";
				LD_RUNPATH_SEARCH_PATHS = (
					"$(inherited)",
					"@executable_path/Frameworks",
				);
				MARKETING_VERSION = 1.0;
				PRODUCT_BUNDLE_IDENTIFIER = "I-m.SuggestTheNumber";
				PRODUCT_NAME = "$(TARGET_NAME)";
				SWIFT_EMIT_LOC_STRINGS = YES;
				SWIFT_VERSION = 5.0;
				TARGETED_DEVICE_FAMILY = "1,2";
			};
			name = Release;
		};
/* End XCBuildConfiguration section */

/* Begin XCConfigurationList section */
		2DFD05C92B493FCE00704ABB /* Build configuration list for PBXProject "SuggestTheNumber" */ = {
			isa = XCConfigurationList;
			buildConfigurations = (
				2DFD05E32B493FD000704ABB /* Debug */,
				2DFD05E42B493FD000704ABB /* Release */,
			);
			defaultConfigurationIsVisible = 0;
			defaultConfigurationName = Release;
		};
		2DFD05E52B493FD000704ABB /* Build configuration list for PBXNativeTarget "SuggestTheNumber" */ = {
			isa = XCConfigurationList;
			buildConfigurations = (
				2DFD05E62B493FD000704ABB /* Debug */,
				2DFD05E72B493FD000704ABB /* Release */,
			);
			defaultConfigurationIsVisible = 0;
			defaultConfigurationName = Release;
		};
/* End XCConfigurationList section */

/* Begin XCVersionGroup section */
		2DFD05DA2B493FCF00704ABB /* SuggestTheNumber.xcdatamodeld */ = {
			isa = XCVersionGroup;
			children = (
				2DFD05DB2B493FCF00704ABB /* SuggestTheNumber.xcdatamodel */,
			);
			currentVersion = 2DFD05DB2B493FCF00704ABB /* SuggestTheNumber.xcdatamodel */;
			path = SuggestTheNumber.xcdatamodeld;
			sourceTree = "<group>";
			versionGroupType = wrapper.xcdatamodel;
		};
/* End XCVersionGroup section */
	};
	rootObject = 2DFD05C62B493FCE00704ABB /* Project object */;
}
